
Microsoft Visual Studio Solution File, Format Version 12.00
# Visual Studio Version 17
VisualStudioVersion = 17.13.35919.96 d17.13
MinimumVisualStudioVersion = 10.0.40219.1
Project("{FAE04EC0-301F-11D3-BF4B-00C04F79EFBC}") = "Pharmacy_Management_System_V", "Pharmacy_Management_System_V.csproj", "{7E6FD1E9-ED48-4129-A105-3637143613DD}"
EndProject
Global
	GlobalSection(SolutionConfigurationPlatforms) = preSolution
		Debug|Any CPU = Debug|Any CPU
		Release|Any CPU = Release|Any CPU
	EndGlobalSection
	GlobalSection(ProjectConfigurationPlatforms) = postSolution
		{7E6FD1E9-ED48-4129-A105-3637143613DD}.Debug|Any CPU.ActiveCfg = Debug|Any CPU
		{7E6FD1E9-ED48-4129-A105-3637143613DD}.Debug|Any CPU.Build.0 = Debug|Any CPU
		{7E6FD1E9-ED48-4129-A105-3637143613DD}.Release|Any CPU.ActiveCfg = Release|Any CPU
		{7E6FD1E9-ED48-4129-A105-3637143613DD}.Release|Any CPU.Build.0 = Release|Any CPU
	EndGlobalSection
	GlobalSection(SolutionProperties) = preSolution
		HideSolutionNode = FALSE
	EndGlobalSection
	GlobalSection(ExtensibilityGlobals) = postSolution
		SolutionGuid = {2297869C-F139-447F-B2DC-BCC000086CEB}
	EndGlobalSection
EndGlobal
